# This file is generated by running "yarn install" inside your project.
# Manual changes might be lost - proceed with caution!

__metadata:
  version: 10
  cacheKey: 10c0

"@tauri-apps/cli-darwin-arm64@npm:2.11.4":
  version: 2.11.4
  resolution: "@tauri-apps/cli-darwin-arm64@npm:2.11.4"
  conditions: os=darwin & cpu=arm64
  languageName: node
  linkType: hard

"@tauri-apps/cli-darwin-x64@npm:2.11.4":
  version: 2.11.4
  resolution: "@tauri-apps/cli-darwin-x64@npm:2.11.4"
  conditions: os=darwin & cpu=x64
  languageName: node
  linkType: hard

"@tauri-apps/cli-linux-arm-gnueabihf@npm:2.11.4":
  version: 2.11.4
  resolution: "@tauri-apps/cli-linux-arm-gnueabihf@npm:2.11.4"
  conditions: os=linux & cpu=arm
  languageName: node
  linkType: hard

"@tauri-apps/cli-linux-arm64-gnu@npm:2.11.4":
  version: 2.11.4
  resolution: "@tauri-apps/cli-linux-arm64-gnu@npm:2.11.4"
  conditions: os=linux & cpu=arm64 & libc=glibc
  languageName: node
  linkType: hard

"@tauri-apps/cli-linux-arm64-musl@npm:2.11.4":
  version: 2.11.4
  resolution: "@tauri-apps/cli-linux-arm64-musl@npm:2.11.4"
  conditions: os=linux & cpu=arm64 & libc=musl
  languageName: node
  linkType: hard

"@tauri-apps/cli-linux-riscv64-gnu@npm:2.11.4":
  version: 2.11.4
  resolution: "@tauri-apps/cli-linux-riscv64-gnu@npm:2.11.4"
  conditions: os=linux & cpu=riscv64 & libc=glibc
  languageName: node
  linkType: hard

"@tauri-apps/cli-linux-x64-gnu@npm:2.11.4":
  version: 2.11.4
  resolution: "@tauri-apps/cli-linux-x64-gnu@npm:2.11.4"
  conditions: os=linux & cpu=x64 & libc=glibc
  languageName: node
  linkType: hard

"@tauri-apps/cli-linux-x64-musl@npm:2.11.4":
  version: 2.11.4
  resolution: "@tauri-apps/cli-linux-x64-musl@npm:2.11.4"
  conditions: os=linux & cpu=x64 & libc=musl
  languageName: node
  linkType: hard

"@tauri-apps/cli-win32-arm64-msvc@npm:2.11.4":
  version: 2.11.4
  resolution: "@tauri-apps/cli-win32-arm64-msvc@npm:2.11.4"
  conditions: os=win32 & cpu=arm64
  languageName: node
  linkType: hard

"@tauri-apps/cli-win32-ia32-msvc@npm:2.11.4":
  version: 2.11.4
  resolution: "@tauri-apps/cli-win32-ia32-msvc@npm:2.11.4"
  conditions: os=win32 & cpu=ia32
  languageName: node
  linkType: hard

"@tauri-apps/cli-win32-x64-msvc@npm:2.11.4":
  version: 2.11.4
  resolution: "@tauri-apps/cli-win32-x64-msvc@npm:2.11.4"
  conditions: os=win32 & cpu=x64
  languageName: node
  linkType: hard

"@tauri-apps/cli@npm:^2.9.4":
  version: 2.11.4
  resolution: "@tauri-apps/cli@npm:2.11.4"
  dependencies:
    "@tauri-apps/cli-darwin-arm64": "npm:2.11.4"
    "@tauri-apps/cli-darwin-x64": "npm:2.11.4"
    "@tauri-apps/cli-linux-arm-gnueabihf": "npm:2.11.4"
    "@tauri-apps/cli-linux-arm64-gnu": "npm:2.11.4"
    "@tauri-apps/cli-linux-arm64-musl": "npm:2.11.4"
    "@tauri-apps/cli-linux-riscv64-gnu": "npm:2.11.4"
    "@tauri-apps/cli-linux-x64-gnu": "npm:2.11.4"
    "@tauri-apps/cli-linux-x64-musl": "npm:2.11.4"
    "@tauri-apps/cli-win32-arm64-msvc": "npm:2.11.4"
    "@tauri-apps/cli-win32-ia32-msvc": "npm:2.11.4"
    "@tauri-apps/cli-win32-x64-msvc": "npm:2.11.4"
  dependenciesMeta:
    "@tauri-apps/cli-darwin-arm64":
      optional: true
    "@tauri-apps/cli-darwin-x64":
      optional: true
    "@tauri-apps/cli-linux-arm-gnueabihf":
      optional: true
    "@tauri-apps/cli-linux-arm64-gnu":
      optional: true
    "@tauri-apps/cli-linux-arm64-musl":
      optional: true
    "@tauri-apps/cli-linux-riscv64-gnu":
      optional: true
    "@tauri-apps/cli-linux-x64-gnu":
      optional: true
    "@tauri-apps/cli-linux-x64-musl":
      optional: true
    "@tauri-apps/cli-win32-arm64-msvc":
      optional: true
    "@tauri-apps/cli-win32-ia32-msvc":
      optional: true
    "@tauri-apps/cli-win32-x64-msvc":
      optional: true
  bin:
    tauri: tauri.js
  checksum: 10c0/9080859d46aeaf1a58943120ad72d760e040f56c3771fba7ce51bf6a96e608c41f2229329e107a9f20d3f7a9c74d5e2ee1889d89929b6b460b0c59de7e963cb7
  languageName: node
  linkType: hard

"desktop@workspace:.":
  version: 0.0.0-use.local
  resolution: "desktop@workspace:."
  dependencies:
    "@tauri-apps/cli": "npm:^2.9.4"
  languageName: unknown
  linkType: soft
